
Microsoft Visual Studio Solution File, Format Version 12.00
# Visual Studio Version 17
VisualStudioVersion = 17.5.33530.505
MinimumVisualStudioVersion = 10.0.40219.1
Project("{FAE04EC0-301F-11D3-BF4B-00C04F79EFBC}") = "zippwd", "zippwd\zippwd.csproj", "{9CC4BE89-16BF-472B-9F51-5CB53C69E12B}"
EndProject
Global
	GlobalSection(SolutionConfigurationPlatforms) = preSolution
		Debug|Any CPU = Debug|Any CPU
		Release|Any CPU = Release|Any CPU
	EndGlobalSection
	GlobalSection(ProjectConfigurationPlatforms) = postSolution
		{9CC4BE89-16BF-472B-9F51-5CB53C69E12B}.Debug|Any CPU.ActiveCfg = Debug|Any CPU
		{9CC4BE89-16BF-472B-9F51-5CB53C69E12B}.Debug|Any CPU.Build.0 = Debug|Any CPU
		{9CC4BE89-16BF-472B-9F51-5CB53C69E12B}.Release|Any CPU.ActiveCfg = Release|Any CPU
		{9CC4BE89-16BF-472B-9F51-5CB53C69E12B}.Release|Any CPU.Build.0 = Release|Any CPU
	EndGlobalSection
	GlobalSection(SolutionProperties) = preSolution
		HideSolutionNode = FALSE
	EndGlobalSection
	GlobalSection(ExtensibilityGlobals) = postSolution
		SolutionGuid = {AABBCA13-89E1-45FB-8162-8E53FC403AB9}
	EndGlobalSection
EndGlobal
